
Microsoft Visual Studio Solution File, Format Version 12.00
# Visual Studio Version 16
VisualStudioVersion = 16.0.31702.278
MinimumVisualStudioVersion = 10.0.40219.1
Project("{FAE04EC0-301F-11D3-BF4B-00C04F79EFBC}") = "Siyosyus V3.0", "Siyosyus V3.0\Siyosyus V3.0.csproj", "{32B72447-7F00-49C1-A1DF-2338AB867DD5}"
EndProject
Global
	GlobalSection(SolutionConfigurationPlatforms) = preSolution
		Debug|Any CPU = Debug|Any CPU
		Release|Any CPU = Release|Any CPU
	EndGlobalSection
	GlobalSection(ProjectConfigurationPlatforms) = postSolution
		{32B72447-7F00-49C1-A1DF-2338AB867DD5}.Debug|Any CPU.ActiveCfg = Debug|Any CPU
		{32B72447-7F00-49C1-A1DF-2338AB867DD5}.Debug|Any CPU.Build.0 = Debug|Any CPU
		{32B72447-7F00-49C1-A1DF-2338AB867DD5}.Release|Any CPU.ActiveCfg = Release|Any CPU
		{32B72447-7F00-49C1-A1DF-2338AB867DD5}.Release|Any CPU.Build.0 = Release|Any CPU
	EndGlobalSection
	GlobalSection(SolutionProperties) = preSolution
		HideSolutionNode = FALSE
	EndGlobalSection
	GlobalSection(ExtensibilityGlobals) = postSolution
		SolutionGuid = {C9B82868-AFC5-4B6F-A403-C711272459FB}
	EndGlobalSection
EndGlobal
